// !$*UTF8*$!
{
	archiveVersion = 1;
	classes = {
	};
	objectVersion = 56;
	objects = {

/* Begin PBXBuildFile section */
		7217AFFA2AC2AF77002C3112 /* TabBarController.swift in Sources */ = {isa = PBXBuildFile; fileRef = 7217AFF92AC2AF77002C3112 /* TabBarController.swift */; };
		7217AFFD2AC2B146002C3112 /* Extension+UIViewController.swift in Sources */ = {isa = PBXBuildFile; fileRef = 7217AFFC2AC2B146002C3112 /* Extension+UIViewController.swift */; };
		7217AFFF2AC2B1A9002C3112 /* HomeViewController.swift in Sources */ = {isa = PBXBuildFile; fileRef = 7217AFFE2AC2B1A9002C3112 /* HomeViewController.swift */; };
		7217B0022AC2B2AF002C3112 /* Const.swift in Sources */ = {isa = PBXBuildFile; fileRef = 7217B0012AC2B2AF002C3112 /* Const.swift */; };
		7217B0042AC2B7AD002C3112 /* README.md in Resources */ = {isa = PBXBuildFile; fileRef = 7217B0032AC2B7AD002C3112 /* README.md */; };
		7217B0062AC2BAB4002C3112 /* HomeViewModel.swift in Sources */ = {isa = PBXBuildFile; fileRef = 7217B0052AC2BAB4002C3112 /* HomeViewModel.swift */; };
		7217B00B2AC2C407002C3112 /* PlanQuery.swift in Sources */ = {isa = PBXBuildFile; fileRef = 7217B00A2AC2C407002C3112 /* PlanQuery.swift */; };
		7217B00E2AC2D5F6002C3112 /* SnapKit in Frameworks */ = {isa = PBXBuildFile; productRef = 7217B00D2AC2D5F6002C3112 /* SnapKit */; };
		729AC4022AC2F98100E910D5 /* HomeImageCollectionView.swift in Sources */ = {isa = PBXBuildFile; fileRef = 729AC4012AC2F98100E910D5 /* HomeImageCollectionView.swift */; };
		729AC4042AC32ED400E910D5 /* ContentsView.swift in Sources */ = {isa = PBXBuildFile; fileRef = 729AC4032AC32ED400E910D5 /* ContentsView.swift */; };
		729AC4082AC32F5A00E910D5 /* HomeImageCollectionViewCell.swift in Sources */ = {isa = PBXBuildFile; fileRef = 729AC4072AC32F5A00E910D5 /* HomeImageCollectionViewCell.swift */; };
		729AC44D2AC4960E00E910D5 /* PlanRepository.swift in Sources */ = {isa = PBXBuildFile; fileRef = 729AC44C2AC4960E00E910D5 /* PlanRepository.swift */; };
		729AC4522AC4973C00E910D5 /* DefaultPlanRepository.swift in Sources */ = {isa = PBXBuildFile; fileRef = 729AC4512AC4973C00E910D5 /* DefaultPlanRepository.swift */; };
		729AC4592AC4981D00E910D5 /* RxBlocking in Frameworks */ = {isa = PBXBuildFile; productRef = 729AC4582AC4981D00E910D5 /* RxBlocking */; };
		729AC45B2AC4981D00E910D5 /* RxCocoa in Frameworks */ = {isa = PBXBuildFile; productRef = 729AC45A2AC4981D00E910D5 /* RxCocoa */; };
		729AC45D2AC4981D00E910D5 /* RxRelay in Frameworks */ = {isa = PBXBuildFile; productRef = 729AC45C2AC4981D00E910D5 /* RxRelay */; };
		729AC45F2AC4981D00E910D5 /* RxSwift in Frameworks */ = {isa = PBXBuildFile; productRef = 729AC45E2AC4981D00E910D5 /* RxSwift */; };
		729AC4622AC4983600E910D5 /* Alamofire in Frameworks */ = {isa = PBXBuildFile; productRef = 729AC4612AC4983600E910D5 /* Alamofire */; };
		729AC4652AC4989300E910D5 /* Realm in Frameworks */ = {isa = PBXBuildFile; productRef = 729AC4642AC4989300E910D5 /* Realm */; };
		729AC4672AC4989300E910D5 /* RealmSwift in Frameworks */ = {isa = PBXBuildFile; productRef = 729AC4662AC4989300E910D5 /* RealmSwift */; };
		729AC46A2AC5479D00E910D5 /* PlanDatabaseManager.swift in Sources */ = {isa = PBXBuildFile; fileRef = 729AC4692AC5479D00E910D5 /* PlanDatabaseManager.swift */; };
		729AC46C2AC5499600E910D5 /* DatabaseManager.swift in Sources */ = {isa = PBXBuildFile; fileRef = 729AC46B2AC5499600E910D5 /* DatabaseManager.swift */; };
		729AC4702AC5A95800E910D5 /* PlanEntity.swift in Sources */ = {isa = PBXBuildFile; fileRef = 729AC46F2AC5A95800E910D5 /* PlanEntity.swift */; };
		729AC4722AC5AA9100E910D5 /* UserEntity.swift in Sources */ = {isa = PBXBuildFile; fileRef = 729AC4712AC5AA9100E910D5 /* UserEntity.swift */; };
		729AC4742AC5C32900E910D5 /* DayPlanEntity.swift in Sources */ = {isa = PBXBuildFile; fileRef = 729AC4732AC5C32900E910D5 /* DayPlanEntity.swift */; };
		729AC4762AC5ED6600E910D5 /* WeeklyPlanEntity.swift in Sources */ = {isa = PBXBuildFile; fileRef = 729AC4752AC5ED6600E910D5 /* WeeklyPlanEntity.swift */; };
		729AC47A2AC6EB4200E910D5 /* User.swift in Sources */ = {isa = PBXBuildFile; fileRef = 729AC4792AC6EB4200E910D5 /* User.swift */; };
		729AC47C2AC6EB4D00E910D5 /* DayPlan.swift in Sources */ = {isa = PBXBuildFile; fileRef = 729AC47B2AC6EB4D00E910D5 /* DayPlan.swift */; };
		729AC47E2AC6EBA100E910D5 /* Plan.swift in Sources */ = {isa = PBXBuildFile; fileRef = 729AC47D2AC6EBA100E910D5 /* Plan.swift */; };
		729AC4822AC6F68900E910D5 /* Entity+Mapping.swift in Sources */ = {isa = PBXBuildFile; fileRef = 729AC4812AC6F68900E910D5 /* Entity+Mapping.swift */; };
		729AC4842AC6F69400E910D5 /* Model+Mapping.swift in Sources */ = {isa = PBXBuildFile; fileRef = 729AC4832AC6F69400E910D5 /* Model+Mapping.swift */; };
		729AC4872AC7286400E910D5 /* PlanUseCase.swift in Sources */ = {isa = PBXBuildFile; fileRef = 729AC4862AC7286400E910D5 /* PlanUseCase.swift */; };
		729AC4892AC81E7600E910D5 /* WeeklyPlan.swift in Sources */ = {isa = PBXBuildFile; fileRef = 729AC4882AC81E7600E910D5 /* WeeklyPlan.swift */; };
		729AC4AF2AC9672500E910D5 /* ImagePickerManager.swift in Sources */ = {isa = PBXBuildFile; fileRef = 729AC4AE2AC9672500E910D5 /* ImagePickerManager.swift */; };
		729AC4B42AC9B84600E910D5 /* ResizableButton.swift in Sources */ = {isa = PBXBuildFile; fileRef = 729AC4B32AC9B84600E910D5 /* ResizableButton.swift */; };
		729AC4B62AC9D97500E910D5 /* ImageSelectionView.swift in Sources */ = {isa = PBXBuildFile; fileRef = 729AC4B52AC9D97500E910D5 /* ImageSelectionView.swift */; };
		729AC4B82AC9DE2B00E910D5 /* ImageSelectionViewController.swift in Sources */ = {isa = PBXBuildFile; fileRef = 729AC4B72AC9DE2B00E910D5 /* ImageSelectionViewController.swift */; };
		729AC4BD2ACA7F8800E910D5 /* ImageSelectionViewModel.swift in Sources */ = {isa = PBXBuildFile; fileRef = 729AC4BC2ACA7F8800E910D5 /* ImageSelectionViewModel.swift */; };
		729AC4BF2ACA81B100E910D5 /* ImageSelectionDeniedView.swift in Sources */ = {isa = PBXBuildFile; fileRef = 729AC4BE2ACA81B100E910D5 /* ImageSelectionDeniedView.swift */; };
		729AC4C12ACAFD2800E910D5 /* GradientCircleView.swift in Sources */ = {isa = PBXBuildFile; fileRef = 729AC4C02ACAFD2800E910D5 /* GradientCircleView.swift */; };
		729AC4C32ACAFD8200E910D5 /* AchievementView.swift in Sources */ = {isa = PBXBuildFile; fileRef = 729AC4C22ACAFD8200E910D5 /* AchievementView.swift */; };
		729AC4C72ACB012400E910D5 /* NetworkService.swift in Sources */ = {isa = PBXBuildFile; fileRef = 729AC4C62ACB012400E910D5 /* NetworkService.swift */; };
		729AC4D02ACB1DFE00E910D5 /* MKRingProgressView in Frameworks */ = {isa = PBXBuildFile; productRef = 729AC4CF2ACB1DFE00E910D5 /* MKRingProgressView */; };
		729AC4D22ACB986600E910D5 /* Extension+UIView.swift in Sources */ = {isa = PBXBuildFile; fileRef = 729AC4D12ACB986600E910D5 /* Extension+UIView.swift */; };
		729AC4D72ACBA20400E910D5 /* CreatePlanViewController.swift in Sources */ = {isa = PBXBuildFile; fileRef = 729AC4D62ACBA20400E910D5 /* CreatePlanViewController.swift */; };
		729AC4DA2ACBA21B00E910D5 /* CreatePlanViewModel.swift in Sources */ = {isa = PBXBuildFile; fileRef = 729AC4D92ACBA21B00E910D5 /* CreatePlanViewModel.swift */; };
		729AC4DC2ACBA4D500E910D5 /* CreatePlanView.swift in Sources */ = {isa = PBXBuildFile; fileRef = 729AC4DB2ACBA4D500E910D5 /* CreatePlanView.swift */; };
		729AC4DE2ACBBB1A00E910D5 /* BorderedTextField.swift in Sources */ = {isa = PBXBuildFile; fileRef = 729AC4DD2ACBBB1A00E910D5 /* BorderedTextField.swift */; };
		729AC5082ACD342C00E910D5 /* StickToItCalendar.swift in Sources */ = {isa = PBXBuildFile; fileRef = 729AC5072ACD342C00E910D5 /* StickToItCalendar.swift */; };
		729AC50B2ACD34C900E910D5 /* FSCalendar in Frameworks */ = {isa = PBXBuildFile; productRef = 729AC50A2ACD34C900E910D5 /* FSCalendar */; };
		729AC50D2ACD3F5E00E910D5 /* BorderedView.swift in Sources */ = {isa = PBXBuildFile; fileRef = 729AC50C2ACD3F5E00E910D5 /* BorderedView.swift */; };
		729AC50F2ACD447B00E910D5 /* CreatePlanTargetPeriodSettingViewController.swift in Sources */ = {isa = PBXBuildFile; fileRef = 729AC50E2ACD447B00E910D5 /* CreatePlanTargetPeriodSettingViewController.swift */; };
		729AC5112ACD4F1200E910D5 /* Extension+DateFormatter.swift in Sources */ = {isa = PBXBuildFile; fileRef = 729AC5102ACD4F1200E910D5 /* Extension+DateFormatter.swift */; };
		729AC5152ACE91AD00E910D5 /* HomePlanUseCase.swift in Sources */ = {isa = PBXBuildFile; fileRef = 729AC5142ACE91AD00E910D5 /* HomePlanUseCase.swift */; };
		729AC5182ACE91F200E910D5 /* CreatePlanUseCase.swift in Sources */ = {isa = PBXBuildFile; fileRef = 729AC5172ACE91F200E910D5 /* CreatePlanUseCase.swift */; };
		72A9760E2ABB2A8E0021291C /* AppDelegate.swift in Sources */ = {isa = PBXBuildFile; fileRef = 72A9760D2ABB2A8E0021291C /* AppDelegate.swift */; };
		72A976102ABB2A8E0021291C /* SceneDelegate.swift in Sources */ = {isa = PBXBuildFile; fileRef = 72A9760F2ABB2A8E0021291C /* SceneDelegate.swift */; };
		72A976152ABB2A8E0021291C /* Main.storyboard in Resources */ = {isa = PBXBuildFile; fileRef = 72A976132ABB2A8E0021291C /* Main.storyboard */; };
		72A976172ABB2A910021291C /* Assets.xcassets in Resources */ = {isa = PBXBuildFile; fileRef = 72A976162ABB2A910021291C /* Assets.xcassets */; };
		72A9761A2ABB2A910021291C /* LaunchScreen.storyboard in Resources */ = {isa = PBXBuildFile; fileRef = 72A976182ABB2A910021291C /* LaunchScreen.storyboard */; };
/* End PBXBuildFile section */

/* Begin PBXFileReference section */
		7217AFF92AC2AF77002C3112 /* TabBarController.swift */ = {isa = PBXFileReference; lastKnownFileType = sourcecode.swift; path = TabBarController.swift; sourceTree = "<group>"; };
		7217AFFC2AC2B146002C3112 /* Extension+UIViewController.swift */ = {isa = PBXFileReference; lastKnownFileType = sourcecode.swift; path = "Extension+UIViewController.swift"; sourceTree = "<group>"; };
		7217AFFE2AC2B1A9002C3112 /* HomeViewController.swift */ = {isa = PBXFileReference; lastKnownFileType = sourcecode.swift; path = HomeViewController.swift; sourceTree = "<group>"; };
		7217B0012AC2B2AF002C3112 /* Const.swift */ = {isa = PBXFileReference; lastKnownFileType = sourcecode.swift; path = Const.swift; sourceTree = "<group>"; };
		7217B0032AC2B7AD002C3112 /* README.md */ = {isa = PBXFileReference; lastKnownFileType = net.daringfireball.markdown; path = README.md; sourceTree = "<group>"; };
		7217B0052AC2BAB4002C3112 /* HomeViewModel.swift */ = {isa = PBXFileReference; lastKnownFileType = sourcecode.swift; path = HomeViewModel.swift; sourceTree = "<group>"; };
		7217B00A2AC2C407002C3112 /* PlanQuery.swift */ = {isa = PBXFileReference; lastKnownFileType = sourcecode.swift; path = PlanQuery.swift; sourceTree = "<group>"; };
		729AC4012AC2F98100E910D5 /* HomeImageCollectionView.swift */ = {isa = PBXFileReference; lastKnownFileType = sourcecode.swift; path = HomeImageCollectionView.swift; sourceTree = "<group>"; };
		729AC4032AC32ED400E910D5 /* ContentsView.swift */ = {isa = PBXFileReference; lastKnownFileType = sourcecode.swift; path = ContentsView.swift; sourceTree = "<group>"; };
		729AC4072AC32F5A00E910D5 /* HomeImageCollectionViewCell.swift */ = {isa = PBXFileReference; lastKnownFileType = sourcecode.swift; path = HomeImageCollectionViewCell.swift; sourceTree = "<group>"; };
		729AC44C2AC4960E00E910D5 /* PlanRepository.swift */ = {isa = PBXFileReference; lastKnownFileType = sourcecode.swift; path = PlanRepository.swift; sourceTree = "<group>"; };
		729AC4512AC4973C00E910D5 /* DefaultPlanRepository.swift */ = {isa = PBXFileReference; lastKnownFileType = sourcecode.swift; path = DefaultPlanRepository.swift; sourceTree = "<group>"; };
		729AC4692AC5479D00E910D5 /* PlanDatabaseManager.swift */ = {isa = PBXFileReference; lastKnownFileType = sourcecode.swift; path = PlanDatabaseManager.swift; sourceTree = "<group>"; };
		729AC46B2AC5499600E910D5 /* DatabaseManager.swift */ = {isa = PBXFileReference; lastKnownFileType = sourcecode.swift; path = DatabaseManager.swift; sourceTree = "<group>"; };
		729AC46F2AC5A95800E910D5 /* PlanEntity.swift */ = {isa = PBXFileReference; lastKnownFileType = sourcecode.swift; path = PlanEntity.swift; sourceTree = "<group>"; };
		729AC4712AC5AA9100E910D5 /* UserEntity.swift */ = {isa = PBXFileReference; lastKnownFileType = sourcecode.swift; path = UserEntity.swift; sourceTree = "<group>"; };
		729AC4732AC5C32900E910D5 /* DayPlanEntity.swift */ = {isa = PBXFileReference; lastKnownFileType = sourcecode.swift; path = DayPlanEntity.swift; sourceTree = "<group>"; };
		729AC4752AC5ED6600E910D5 /* WeeklyPlanEntity.swift */ = {isa = PBXFileReference; lastKnownFileType = sourcecode.swift; path = WeeklyPlanEntity.swift; sourceTree = "<group>"; };
		729AC4792AC6EB4200E910D5 /* User.swift */ = {isa = PBXFileReference; lastKnownFileType = sourcecode.swift; path = User.swift; sourceTree = "<group>"; };
		729AC47B2AC6EB4D00E910D5 /* DayPlan.swift */ = {isa = PBXFileReference; lastKnownFileType = sourcecode.swift; path = DayPlan.swift; sourceTree = "<group>"; };
		729AC47D2AC6EBA100E910D5 /* Plan.swift */ = {isa = PBXFileReference; lastKnownFileType = sourcecode.swift; path = Plan.swift; sourceTree = "<group>"; };
		729AC4812AC6F68900E910D5 /* Entity+Mapping.swift */ = {isa = PBXFileReference; lastKnownFileType = sourcecode.swift; path = "Entity+Mapping.swift"; sourceTree = "<group>"; };
		729AC4832AC6F69400E910D5 /* Model+Mapping.swift */ = {isa = PBXFileReference; lastKnownFileType = sourcecode.swift; path = "Model+Mapping.swift"; sourceTree = "<group>"; };
		729AC4862AC7286400E910D5 /* PlanUseCase.swift */ = {isa = PBXFileReference; lastKnownFileType = sourcecode.swift; path = PlanUseCase.swift; sourceTree = "<group>"; };
		729AC4882AC81E7600E910D5 /* WeeklyPlan.swift */ = {isa = PBXFileReference; lastKnownFileType = sourcecode.swift; path = WeeklyPlan.swift; sourceTree = "<group>"; };
		729AC4AE2AC9672500E910D5 /* ImagePickerManager.swift */ = {isa = PBXFileReference; lastKnownFileType = sourcecode.swift; path = ImagePickerManager.swift; sourceTree = "<group>"; };
		729AC4B32AC9B84600E910D5 /* ResizableButton.swift */ = {isa = PBXFileReference; lastKnownFileType = sourcecode.swift; path = ResizableButton.swift; sourceTree = "<group>"; };
		729AC4B52AC9D97500E910D5 /* ImageSelectionView.swift */ = {isa = PBXFileReference; lastKnownFileType = sourcecode.swift; path = ImageSelectionView.swift; sourceTree = "<group>"; };
		729AC4B72AC9DE2B00E910D5 /* ImageSelectionViewController.swift */ = {isa = PBXFileReference; lastKnownFileType = sourcecode.swift; path = ImageSelectionViewController.swift; sourceTree = "<group>"; };
		729AC4BC2ACA7F8800E910D5 /* ImageSelectionViewModel.swift */ = {isa = PBXFileReference; lastKnownFileType = sourcecode.swift; path = ImageSelectionViewModel.swift; sourceTree = "<group>"; };
		729AC4BE2ACA81B100E910D5 /* ImageSelectionDeniedView.swift */ = {isa = PBXFileReference; lastKnownFileType = sourcecode.swift; path = ImageSelectionDeniedView.swift; sourceTree = "<group>"; };
		729AC4C02ACAFD2800E910D5 /* GradientCircleView.swift */ = {isa = PBXFileReference; lastKnownFileType = sourcecode.swift; path = GradientCircleView.swift; sourceTree = "<group>"; };
		729AC4C22ACAFD8200E910D5 /* AchievementView.swift */ = {isa = PBXFileReference; lastKnownFileType = sourcecode.swift; path = AchievementView.swift; sourceTree = "<group>"; };
		729AC4C62ACB012400E910D5 /* NetworkService.swift */ = {isa = PBXFileReference; fileEncoding = 4; lastKnownFileType = sourcecode.swift; path = NetworkService.swift; sourceTree = "<group>"; };
		729AC4D12ACB986600E910D5 /* Extension+UIView.swift */ = {isa = PBXFileReference; fileEncoding = 4; lastKnownFileType = sourcecode.swift; path = "Extension+UIView.swift"; sourceTree = "<group>"; };
		729AC4D62ACBA20400E910D5 /* CreatePlanViewController.swift */ = {isa = PBXFileReference; lastKnownFileType = sourcecode.swift; path = CreatePlanViewController.swift; sourceTree = "<group>"; };
		729AC4D92ACBA21B00E910D5 /* CreatePlanViewModel.swift */ = {isa = PBXFileReference; lastKnownFileType = sourcecode.swift; path = CreatePlanViewModel.swift; sourceTree = "<group>"; };
		729AC4DB2ACBA4D500E910D5 /* CreatePlanView.swift */ = {isa = PBXFileReference; lastKnownFileType = sourcecode.swift; path = CreatePlanView.swift; sourceTree = "<group>"; };
		729AC4DD2ACBBB1A00E910D5 /* BorderedTextField.swift */ = {isa = PBXFileReference; lastKnownFileType = sourcecode.swift; path = BorderedTextField.swift; sourceTree = "<group>"; };
		729AC5072ACD342C00E910D5 /* StickToItCalendar.swift */ = {isa = PBXFileReference; lastKnownFileType = sourcecode.swift; path = StickToItCalendar.swift; sourceTree = "<group>"; };
		729AC50C2ACD3F5E00E910D5 /* BorderedView.swift */ = {isa = PBXFileReference; lastKnownFileType = sourcecode.swift; path = BorderedView.swift; sourceTree = "<group>"; };
		729AC50E2ACD447B00E910D5 /* CreatePlanTargetPeriodSettingViewController.swift */ = {isa = PBXFileReference; lastKnownFileType = sourcecode.swift; path = CreatePlanTargetPeriodSettingViewController.swift; sourceTree = "<group>"; };
		729AC5102ACD4F1200E910D5 /* Extension+DateFormatter.swift */ = {isa = PBXFileReference; lastKnownFileType = sourcecode.swift; path = "Extension+DateFormatter.swift"; sourceTree = "<group>"; };
		729AC5142ACE91AD00E910D5 /* HomePlanUseCase.swift */ = {isa = PBXFileReference; lastKnownFileType = sourcecode.swift; path = HomePlanUseCase.swift; sourceTree = "<group>"; };
		729AC5172ACE91F200E910D5 /* CreatePlanUseCase.swift */ = {isa = PBXFileReference; lastKnownFileType = sourcecode.swift; path = CreatePlanUseCase.swift; sourceTree = "<group>"; };
		72A9760A2ABB2A8E0021291C /* StickToIt.app */ = {isa = PBXFileReference; explicitFileType = wrapper.application; includeInIndex = 0; path = StickToIt.app; sourceTree = BUILT_PRODUCTS_DIR; };
		72A9760D2ABB2A8E0021291C /* AppDelegate.swift */ = {isa = PBXFileReference; lastKnownFileType = sourcecode.swift; path = AppDelegate.swift; sourceTree = "<group>"; };
		72A9760F2ABB2A8E0021291C /* SceneDelegate.swift */ = {isa = PBXFileReference; lastKnownFileType = sourcecode.swift; path = SceneDelegate.swift; sourceTree = "<group>"; };
		72A976142ABB2A8E0021291C /* Base */ = {isa = PBXFileReference; lastKnownFileType = file.storyboard; name = Base; path = Base.lproj/Main.storyboard; sourceTree = "<group>"; };
		72A976162ABB2A910021291C /* Assets.xcassets */ = {isa = PBXFileReference; lastKnownFileType = folder.assetcatalog; path = Assets.xcassets; sourceTree = "<group>"; };
		72A976192ABB2A910021291C /* Base */ = {isa = PBXFileReference; lastKnownFileType = file.storyboard; name = Base; path = Base.lproj/LaunchScreen.storyboard; sourceTree = "<group>"; };
		72A9761B2ABB2A910021291C /* Info.plist */ = {isa = PBXFileReference; lastKnownFileType = text.plist.xml; path = Info.plist; sourceTree = "<group>"; };
/* End PBXFileReference section */

/* Begin PBXFrameworksBuildPhase section */
		72A976072ABB2A8E0021291C /* Frameworks */ = {
			isa = PBXFrameworksBuildPhase;
			buildActionMask = 2147483647;
			files = (
				729AC4672AC4989300E910D5 /* RealmSwift in Frameworks */,
				729AC4652AC4989300E910D5 /* Realm in Frameworks */,
				729AC45B2AC4981D00E910D5 /* RxCocoa in Frameworks */,
				729AC50B2ACD34C900E910D5 /* FSCalendar in Frameworks */,
				7217B00E2AC2D5F6002C3112 /* SnapKit in Frameworks */,
				729AC45F2AC4981D00E910D5 /* RxSwift in Frameworks */,
				729AC4622AC4983600E910D5 /* Alamofire in Frameworks */,
				729AC45D2AC4981D00E910D5 /* RxRelay in Frameworks */,
				729AC4D02ACB1DFE00E910D5 /* MKRingProgressView in Frameworks */,
				729AC4592AC4981D00E910D5 /* RxBlocking in Frameworks */,
			);
			runOnlyForDeploymentPostprocessing = 0;
		};
/* End PBXFrameworksBuildPhase section */

/* Begin PBXGroup section */
		7217AFF12AC2AE80002C3112 /* View */ = {
			isa = PBXGroup;
			children = (
				7217AFFE2AC2B1A9002C3112 /* HomeViewController.swift */,
				729AC4012AC2F98100E910D5 /* HomeImageCollectionView.swift */,
				729AC4072AC32F5A00E910D5 /* HomeImageCollectionViewCell.swift */,
				729AC4032AC32ED400E910D5 /* ContentsView.swift */,
				729AC4C22ACAFD8200E910D5 /* AchievementView.swift */,
			);
			path = View;
			sourceTree = "<group>";
		};
		7217AFF22AC2AE8B002C3112 /* Presentation-Layer */ = {
			isa = PBXGroup;
			children = (
				729AC4B22AC9B81A00E910D5 /* DesignComponents */,
				729AC48A2AC81F2300E910D5 /* Scene */,
				7217AFF82AC2AF09002C3112 /* Tab */,
			);
			path = "Presentation-Layer";
			sourceTree = "<group>";
		};
		7217AFF32AC2AE9A002C3112 /* Domain-Layer */ = {
			isa = PBXGroup;
			children = (
				729AC4AD2AC9671700E910D5 /* Shared */,
				729AC4852AC726AA00E910D5 /* UseCase */,
				729AC47F2AC6F65500E910D5 /* Mapper */,
				729AC4502AC496EB00E910D5 /* Repositories_Interface */,
				7217B0092AC2BB7F002C3112 /* Model */,
			);
			path = "Domain-Layer";
			sourceTree = "<group>";
		};
		7217AFF42AC2AE9F002C3112 /* Data-Layer */ = {
			isa = PBXGroup;
			children = (
				729AC4C52ACB012400E910D5 /* NetworkService */,
				729AC46E2AC5A94000E910D5 /* Entities */,
				729AC44E2AC4961100E910D5 /* Repositories */,
				729AC4532AC4978500E910D5 /* Database */,
			);
			path = "Data-Layer";
			sourceTree = "<group>";
		};
		7217AFF62AC2AED7002C3112 /* ViewModel */ = {
			isa = PBXGroup;
			children = (
				7217B0052AC2BAB4002C3112 /* HomeViewModel.swift */,
			);
			path = ViewModel;
			sourceTree = "<group>";
		};
		7217AFF72AC2AEE3002C3112 /* Home */ = {
			isa = PBXGroup;
			children = (
				7217AFF62AC2AED7002C3112 /* ViewModel */,
				7217AFF12AC2AE80002C3112 /* View */,
			);
			path = Home;
			sourceTree = "<group>";
		};
		7217AFF82AC2AF09002C3112 /* Tab */ = {
			isa = PBXGroup;
			children = (
				7217AFF92AC2AF77002C3112 /* TabBarController.swift */,
			);
			path = Tab;
			sourceTree = "<group>";
		};
		7217AFFB2AC2B130002C3112 /* Extension */ = {
			isa = PBXGroup;
			children = (
				729AC4D12ACB986600E910D5 /* Extension+UIView.swift */,
				7217AFFC2AC2B146002C3112 /* Extension+UIViewController.swift */,
				729AC5102ACD4F1200E910D5 /* Extension+DateFormatter.swift */,
			);
			path = Extension;
			sourceTree = "<group>";
		};
		7217B0002AC2B283002C3112 /* Resource */ = {
			isa = PBXGroup;
			children = (
				7217B0012AC2B2AF002C3112 /* Const.swift */,
			);
			path = Resource;
			sourceTree = "<group>";
		};
		7217B0092AC2BB7F002C3112 /* Model */ = {
			isa = PBXGroup;
			children = (
				7217B00A2AC2C407002C3112 /* PlanQuery.swift */,
				729AC4792AC6EB4200E910D5 /* User.swift */,
				729AC47D2AC6EBA100E910D5 /* Plan.swift */,
				729AC4882AC81E7600E910D5 /* WeeklyPlan.swift */,
				729AC47B2AC6EB4D00E910D5 /* DayPlan.swift */,
			);
			path = Model;
			sourceTree = "<group>";
		};
		729AC44E2AC4961100E910D5 /* Repositories */ = {
			isa = PBXGroup;
			children = (
				729AC4512AC4973C00E910D5 /* DefaultPlanRepository.swift */,
			);
			path = Repositories;
			sourceTree = "<group>";
		};
		729AC4502AC496EB00E910D5 /* Repositories_Interface */ = {
			isa = PBXGroup;
			children = (
				729AC44C2AC4960E00E910D5 /* PlanRepository.swift */,
			);
			path = Repositories_Interface;
			sourceTree = "<group>";
		};
		729AC4532AC4978500E910D5 /* Database */ = {
			isa = PBXGroup;
			children = (
				729AC5192ACE92C200E910D5 /* Database_Interface */,
				729AC51A2ACE92CE00E910D5 /* PlanDatabaseManager */,
			);
			path = Database;
			sourceTree = "<group>";
		};
		729AC46E2AC5A94000E910D5 /* Entities */ = {
			isa = PBXGroup;
			children = (
				729AC4712AC5AA9100E910D5 /* UserEntity.swift */,
				729AC46F2AC5A95800E910D5 /* PlanEntity.swift */,
				729AC4752AC5ED6600E910D5 /* WeeklyPlanEntity.swift */,
				729AC4732AC5C32900E910D5 /* DayPlanEntity.swift */,
			);
			path = Entities;
			sourceTree = "<group>";
		};
		729AC47F2AC6F65500E910D5 /* Mapper */ = {
			isa = PBXGroup;
			children = (
				729AC4812AC6F68900E910D5 /* Entity+Mapping.swift */,
				729AC4832AC6F69400E910D5 /* Model+Mapping.swift */,
			);
			path = Mapper;
			sourceTree = "<group>";
		};
		729AC4852AC726AA00E910D5 /* UseCase */ = {
			isa = PBXGroup;
			children = (
				729AC5162ACE91B500E910D5 /* UseCase_Interface */,
				729AC5132ACE919B00E910D5 /* CreatePlanUseCase */,
				729AC5122ACE918500E910D5 /* HomePlanUseCase */,
			);
			path = UseCase;
			sourceTree = "<group>";
		};
		729AC48A2AC81F2300E910D5 /* Scene */ = {
			isa = PBXGroup;
			children = (
				729AC4D32ACBA1C000E910D5 /* Plan */,
				729AC4B92ACA5E2C00E910D5 /* ImageSelection */,
				7217AFF72AC2AEE3002C3112 /* Home */,
			);
			path = Scene;
			sourceTree = "<group>";
		};
		729AC4AD2AC9671700E910D5 /* Shared */ = {
			isa = PBXGroup;
			children = (
				729AC4AE2AC9672500E910D5 /* ImagePickerManager.swift */,
			);
			path = Shared;
			sourceTree = "<group>";
		};
		729AC4B22AC9B81A00E910D5 /* DesignComponents */ = {
			isa = PBXGroup;
			children = (
				729AC4B32AC9B84600E910D5 /* ResizableButton.swift */,
				729AC4C02ACAFD2800E910D5 /* GradientCircleView.swift */,
				729AC50C2ACD3F5E00E910D5 /* BorderedView.swift */,
				729AC4DD2ACBBB1A00E910D5 /* BorderedTextField.swift */,
				729AC5072ACD342C00E910D5 /* StickToItCalendar.swift */,
			);
			path = DesignComponents;
			sourceTree = "<group>";
		};
		729AC4B92ACA5E2C00E910D5 /* ImageSelection */ = {
			isa = PBXGroup;
			children = (
				729AC4BB2ACA5E4B00E910D5 /* ViewModel */,
				729AC4BA2ACA5E4500E910D5 /* View */,
			);
			path = ImageSelection;
			sourceTree = "<group>";
		};
		729AC4BA2ACA5E4500E910D5 /* View */ = {
			isa = PBXGroup;
			children = (
				729AC4B52AC9D97500E910D5 /* ImageSelectionView.swift */,
				729AC4BE2ACA81B100E910D5 /* ImageSelectionDeniedView.swift */,
				729AC4B72AC9DE2B00E910D5 /* ImageSelectionViewController.swift */,
			);
			path = View;
			sourceTree = "<group>";
		};
		729AC4BB2ACA5E4B00E910D5 /* ViewModel */ = {
			isa = PBXGroup;
			children = (
				729AC4BC2ACA7F8800E910D5 /* ImageSelectionViewModel.swift */,
			);
			path = ViewModel;
			sourceTree = "<group>";
		};
		729AC4C52ACB012400E910D5 /* NetworkService */ = {
			isa = PBXGroup;
			children = (
				729AC4C62ACB012400E910D5 /* NetworkService.swift */,
			);
			path = NetworkService;
			sourceTree = "<group>";
		};
		729AC4D32ACBA1C000E910D5 /* Plan */ = {
			isa = PBXGroup;
			children = (
				729AC4D52ACBA1D400E910D5 /* ViewModel */,
				729AC4D42ACBA1CB00E910D5 /* View */,
			);
			path = Plan;
			sourceTree = "<group>";
		};
		729AC4D42ACBA1CB00E910D5 /* View */ = {
			isa = PBXGroup;
			children = (
				729AC4D62ACBA20400E910D5 /* CreatePlanViewController.swift */,
				729AC50E2ACD447B00E910D5 /* CreatePlanTargetPeriodSettingViewController.swift */,
				729AC4DB2ACBA4D500E910D5 /* CreatePlanView.swift */,
			);
			path = View;
			sourceTree = "<group>";
		};
		729AC4D52ACBA1D400E910D5 /* ViewModel */ = {
			isa = PBXGroup;
			children = (
				729AC4D92ACBA21B00E910D5 /* CreatePlanViewModel.swift */,
			);
			path = ViewModel;
			sourceTree = "<group>";
		};
		729AC5122ACE918500E910D5 /* HomePlanUseCase */ = {
			isa = PBXGroup;
			children = (
				729AC5142ACE91AD00E910D5 /* HomePlanUseCase.swift */,
			);
			path = HomePlanUseCase;
			sourceTree = "<group>";
		};
		729AC5132ACE919B00E910D5 /* CreatePlanUseCase */ = {
			isa = PBXGroup;
			children = (
				729AC5172ACE91F200E910D5 /* CreatePlanUseCase.swift */,
			);
			path = CreatePlanUseCase;
			sourceTree = "<group>";
		};
		729AC5162ACE91B500E910D5 /* UseCase_Interface */ = {
			isa = PBXGroup;
			children = (
				729AC4862AC7286400E910D5 /* PlanUseCase.swift */,
			);
			path = UseCase_Interface;
			sourceTree = "<group>";
		};
		729AC5192ACE92C200E910D5 /* Database_Interface */ = {
			isa = PBXGroup;
			children = (
				729AC46B2AC5499600E910D5 /* DatabaseManager.swift */,
			);
			path = Database_Interface;
			sourceTree = "<group>";
		};
		729AC51A2ACE92CE00E910D5 /* PlanDatabaseManager */ = {
			isa = PBXGroup;
			children = (
				729AC4692AC5479D00E910D5 /* PlanDatabaseManager.swift */,
			);
			path = PlanDatabaseManager;
			sourceTree = "<group>";
		};
		72A976012ABB2A8E0021291C = {
			isa = PBXGroup;
			children = (
				7217B0032AC2B7AD002C3112 /* README.md */,
				72A9760C2ABB2A8E0021291C /* StickToIt */,
				72A9760B2ABB2A8E0021291C /* Products */,
			);
			sourceTree = "<group>";
		};
		72A9760B2ABB2A8E0021291C /* Products */ = {
			isa = PBXGroup;
			children = (
				72A9760A2ABB2A8E0021291C /* StickToIt.app */,
			);
			name = Products;
			sourceTree = "<group>";
		};
		72A9760C2ABB2A8E0021291C /* StickToIt */ = {
			isa = PBXGroup;
			children = (
				72A9760D2ABB2A8E0021291C /* AppDelegate.swift */,
				72A9760F2ABB2A8E0021291C /* SceneDelegate.swift */,
				7217B0002AC2B283002C3112 /* Resource */,
				7217AFFB2AC2B130002C3112 /* Extension */,
				7217AFF42AC2AE9F002C3112 /* Data-Layer */,
				7217AFF32AC2AE9A002C3112 /* Domain-Layer */,
				7217AFF22AC2AE8B002C3112 /* Presentation-Layer */,
				72A976132ABB2A8E0021291C /* Main.storyboard */,
				72A976162ABB2A910021291C /* Assets.xcassets */,
				72A976182ABB2A910021291C /* LaunchScreen.storyboard */,
				72A9761B2ABB2A910021291C /* Info.plist */,
			);
			path = StickToIt;
			sourceTree = "<group>";
		};
/* End PBXGroup section */

/* Begin PBXNativeTarget section */
		72A976092ABB2A8E0021291C /* StickToIt */ = {
			isa = PBXNativeTarget;
			buildConfigurationList = 72A9761E2ABB2A910021291C /* Build configuration list for PBXNativeTarget "StickToIt" */;
			buildPhases = (
				72A976062ABB2A8E0021291C /* Sources */,
				72A976072ABB2A8E0021291C /* Frameworks */,
				72A976082ABB2A8E0021291C /* Resources */,
			);
			buildRules = (
			);
			dependencies = (
			);
			name = StickToIt;
			packageProductDependencies = (
				7217B00D2AC2D5F6002C3112 /* SnapKit */,
				729AC4582AC4981D00E910D5 /* RxBlocking */,
				729AC45A2AC4981D00E910D5 /* RxCocoa */,
				729AC45C2AC4981D00E910D5 /* RxRelay */,
				729AC45E2AC4981D00E910D5 /* RxSwift */,
				729AC4612AC4983600E910D5 /* Alamofire */,
				729AC4642AC4989300E910D5 /* Realm */,
				729AC4662AC4989300E910D5 /* RealmSwift */,
				729AC4CF2ACB1DFE00E910D5 /* MKRingProgressView */,
				729AC50A2ACD34C900E910D5 /* FSCalendar */,
			);
			productName = StickToIt;
			productReference = 72A9760A2ABB2A8E0021291C /* StickToIt.app */;
			productType = "com.apple.product-type.application";
		};
/* End PBXNativeTarget section */

/* Begin PBXProject section */
		72A976022ABB2A8E0021291C /* Project object */ = {
			isa = PBXProject;
			attributes = {
				BuildIndependentTargetsInParallel = 1;
				LastSwiftUpdateCheck = 1430;
				LastUpgradeCheck = 1430;
				TargetAttributes = {
					72A976092ABB2A8E0021291C = {
						CreatedOnToolsVersion = 14.3;
					};
				};
			};
			buildConfigurationList = 72A976052ABB2A8E0021291C /* Build configuration list for PBXProject "StickToIt" */;
			compatibilityVersion = "Xcode 14.0";
			developmentRegion = en;
			hasScannedForEncodings = 0;
			knownRegions = (
				en,
				Base,
			);
			mainGroup = 72A976012ABB2A8E0021291C;
			packageReferences = (
				7217B00C2AC2D5F6002C3112 /* XCRemoteSwiftPackageReference "SnapKit" */,
				729AC4572AC4981D00E910D5 /* XCRemoteSwiftPackageReference "RxSwift" */,
				729AC4602AC4983600E910D5 /* XCRemoteSwiftPackageReference "Alamofire" */,
				729AC4632AC4989300E910D5 /* XCRemoteSwiftPackageReference "realm-swift" */,
				729AC4CE2ACB1DFE00E910D5 /* XCRemoteSwiftPackageReference "MKRingProgressView" */,
				729AC5092ACD34C900E910D5 /* XCRemoteSwiftPackageReference "FSCalendar" */,
			);
			productRefGroup = 72A9760B2ABB2A8E0021291C /* Products */;
			projectDirPath = "";
			projectRoot = "";
			targets = (
				72A976092ABB2A8E0021291C /* StickToIt */,
			);
		};
/* End PBXProject section */

/* Begin PBXResourcesBuildPhase section */
		72A976082ABB2A8E0021291C /* Resources */ = {
			isa = PBXResourcesBuildPhase;
			buildActionMask = 2147483647;
			files = (
				72A9761A2ABB2A910021291C /* LaunchScreen.storyboard in Resources */,
				72A976172ABB2A910021291C /* Assets.xcassets in Resources */,
				7217B0042AC2B7AD002C3112 /* README.md in Resources */,
				72A976152ABB2A8E0021291C /* Main.storyboard in Resources */,
			);
			runOnlyForDeploymentPostprocessing = 0;
		};
/* End PBXResourcesBuildPhase section */

/* Begin PBXSourcesBuildPhase section */
		72A976062ABB2A8E0021291C /* Sources */ = {
			isa = PBXSourcesBuildPhase;
			buildActionMask = 2147483647;
			files = (
				729AC47C2AC6EB4D00E910D5 /* DayPlan.swift in Sources */,
				729AC5152ACE91AD00E910D5 /* HomePlanUseCase.swift in Sources */,
				729AC50D2ACD3F5E00E910D5 /* BorderedView.swift in Sources */,
				729AC4742AC5C32900E910D5 /* DayPlanEntity.swift in Sources */,
				729AC4DC2ACBA4D500E910D5 /* CreatePlanView.swift in Sources */,
				729AC4C12ACAFD2800E910D5 /* GradientCircleView.swift in Sources */,
				729AC4522AC4973C00E910D5 /* DefaultPlanRepository.swift in Sources */,
				7217B00B2AC2C407002C3112 /* PlanQuery.swift in Sources */,
				729AC4082AC32F5A00E910D5 /* HomeImageCollectionViewCell.swift in Sources */,
				729AC5082ACD342C00E910D5 /* StickToItCalendar.swift in Sources */,
				729AC4C32ACAFD8200E910D5 /* AchievementView.swift in Sources */,
				729AC4AF2AC9672500E910D5 /* ImagePickerManager.swift in Sources */,
				7217AFFA2AC2AF77002C3112 /* TabBarController.swift in Sources */,
				72A9760E2ABB2A8E0021291C /* AppDelegate.swift in Sources */,
				729AC47E2AC6EBA100E910D5 /* Plan.swift in Sources */,
				729AC4022AC2F98100E910D5 /* HomeImageCollectionView.swift in Sources */,
				729AC46A2AC5479D00E910D5 /* PlanDatabaseManager.swift in Sources */,
				7217B0062AC2BAB4002C3112 /* HomeViewModel.swift in Sources */,
				729AC4872AC7286400E910D5 /* PlanUseCase.swift in Sources */,
				729AC44D2AC4960E00E910D5 /* PlanRepository.swift in Sources */,
				729AC4B42AC9B84600E910D5 /* ResizableButton.swift in Sources */,
				729AC4DE2ACBBB1A00E910D5 /* BorderedTextField.swift in Sources */,
				729AC4D72ACBA20400E910D5 /* CreatePlanViewController.swift in Sources */,
				729AC4042AC32ED400E910D5 /* ContentsView.swift in Sources */,
				729AC5182ACE91F200E910D5 /* CreatePlanUseCase.swift in Sources */,
				7217AFFD2AC2B146002C3112 /* Extension+UIViewController.swift in Sources */,
				729AC46C2AC5499600E910D5 /* DatabaseManager.swift in Sources */,
				729AC4DA2ACBA21B00E910D5 /* CreatePlanViewModel.swift in Sources */,
				729AC4C72ACB012400E910D5 /* NetworkService.swift in Sources */,
				729AC4842AC6F69400E910D5 /* Model+Mapping.swift in Sources */,
				72A976102ABB2A8E0021291C /* SceneDelegate.swift in Sources */,
				729AC4B62AC9D97500E910D5 /* ImageSelectionView.swift in Sources */,
				7217AFFF2AC2B1A9002C3112 /* HomeViewController.swift in Sources */,
				729AC4BF2ACA81B100E910D5 /* ImageSelectionDeniedView.swift in Sources */,
				729AC4D22ACB986600E910D5 /* Extension+UIView.swift in Sources */,
				729AC4822AC6F68900E910D5 /* Entity+Mapping.swift in Sources */,
				729AC5112ACD4F1200E910D5 /* Extension+DateFormatter.swift in Sources */,
				729AC4892AC81E7600E910D5 /* WeeklyPlan.swift in Sources */,
				729AC4702AC5A95800E910D5 /* PlanEntity.swift in Sources */,
				729AC4762AC5ED6600E910D5 /* WeeklyPlanEntity.swift in Sources */,
				7217B0022AC2B2AF002C3112 /* Const.swift in Sources */,
				729AC4722AC5AA9100E910D5 /* UserEntity.swift in Sources */,
				729AC50F2ACD447B00E910D5 /* CreatePlanTargetPeriodSettingViewController.swift in Sources */,
				729AC4B82AC9DE2B00E910D5 /* ImageSelectionViewController.swift in Sources */,
				729AC47A2AC6EB4200E910D5 /* User.swift in Sources */,
				729AC4BD2ACA7F8800E910D5 /* ImageSelectionViewModel.swift in Sources */,
			);
			runOnlyForDeploymentPostprocessing = 0;
		};
/* End PBXSourcesBuildPhase section */

/* Begin PBXVariantGroup section */
		72A976132ABB2A8E0021291C /* Main.storyboard */ = {
			isa = PBXVariantGroup;
			children = (
				72A976142ABB2A8E0021291C /* Base */,
			);
			name = Main.storyboard;
			sourceTree = "<group>";
		};
		72A976182ABB2A910021291C /* LaunchScreen.storyboard */ = {
			isa = PBXVariantGroup;
			children = (
				72A976192ABB2A910021291C /* Base */,
			);
			name = LaunchScreen.storyboard;
			sourceTree = "<group>";
		};
/* End PBXVariantGroup section */

/* Begin XCBuildConfiguration section */
		72A9761C2ABB2A910021291C /* Debug */ = {
			isa = XCBuildConfiguration;
			buildSettings = {
				ALWAYS_SEARCH_USER_PATHS = NO;
				CLANG_ANALYZER_NONNULL = YES;
				CLANG_ANALYZER_NUMBER_OBJECT_CONVERSION = YES_AGGRESSIVE;
				CLANG_CXX_LANGUAGE_STANDARD = "gnu++20";
				CLANG_ENABLE_MODULES = YES;
				CLANG_ENABLE_OBJC_ARC = YES;
				CLANG_ENABLE_OBJC_WEAK = YES;
				CLANG_WARN_BLOCK_CAPTURE_AUTORELEASING = YES;
				CLANG_WARN_BOOL_CONVERSION = YES;
				CLANG_WARN_COMMA = YES;
				CLANG_WARN_CONSTANT_CONVERSION = YES;
				CLANG_WARN_DEPRECATED_OBJC_IMPLEMENTATIONS = YES;
				CLANG_WARN_DIRECT_OBJC_ISA_USAGE = YES_ERROR;
				CLANG_WARN_DOCUMENTATION_COMMENTS = YES;
				CLANG_WARN_EMPTY_BODY = YES;
				CLANG_WARN_ENUM_CONVERSION = YES;
				CLANG_WARN_INFINITE_RECURSION = YES;
				CLANG_WARN_INT_CONVERSION = YES;
				CLANG_WARN_NON_LITERAL_NULL_CONVERSION = YES;
				CLANG_WARN_OBJC_IMPLICIT_RETAIN_SELF = YES;
				CLANG_WARN_OBJC_LITERAL_CONVERSION = YES;
				CLANG_WARN_OBJC_ROOT_CLASS = YES_ERROR;
				CLANG_WARN_QUOTED_INCLUDE_IN_FRAMEWORK_HEADER = YES;
				CLANG_WARN_RANGE_LOOP_ANALYSIS = YES;
				CLANG_WARN_STRICT_PROTOTYPES = YES;
				CLANG_WARN_SUSPICIOUS_MOVE = YES;
				CLANG_WARN_UNGUARDED_AVAILABILITY = YES_AGGRESSIVE;
				CLANG_WARN_UNREACHABLE_CODE = YES;
				CLANG_WARN__DUPLICATE_METHOD_MATCH = YES;
				COPY_PHASE_STRIP = NO;
				DEBUG_INFORMATION_FORMAT = dwarf;
				ENABLE_STRICT_OBJC_MSGSEND = YES;
				ENABLE_TESTABILITY = YES;
				GCC_C_LANGUAGE_STANDARD = gnu11;
				GCC_DYNAMIC_NO_PIC = NO;
				GCC_NO_COMMON_BLOCKS = YES;
				GCC_OPTIMIZATION_LEVEL = 0;
				GCC_PREPROCESSOR_DEFINITIONS = (
					"DEBUG=1",
					"$(inherited)",
				);
				GCC_WARN_64_TO_32_BIT_CONVERSION = YES;
				GCC_WARN_ABOUT_RETURN_TYPE = YES_ERROR;
				GCC_WARN_UNDECLARED_SELECTOR = YES;
				GCC_WARN_UNINITIALIZED_AUTOS = YES_AGGRESSIVE;
				GCC_WARN_UNUSED_FUNCTION = YES;
				GCC_WARN_UNUSED_VARIABLE = YES;
				IPHONEOS_DEPLOYMENT_TARGET = 15.0;
				MTL_ENABLE_DEBUG_INFO = INCLUDE_SOURCE;
				MTL_FAST_MATH = YES;
				ONLY_ACTIVE_ARCH = YES;
				SDKROOT = iphoneos;
				SWIFT_ACTIVE_COMPILATION_CONDITIONS = DEBUG;
				SWIFT_OPTIMIZATION_LEVEL = "-Onone";
				SWIFT_STRICT_CONCURRENCY = complete;
			};
			name = Debug;
		};
		72A9761D2ABB2A910021291C /* Release */ = {
			isa = XCBuildConfiguration;
			buildSettings = {
				ALWAYS_SEARCH_USER_PATHS = NO;
				CLANG_ANALYZER_NONNULL = YES;
				CLANG_ANALYZER_NUMBER_OBJECT_CONVERSION = YES_AGGRESSIVE;
				CLANG_CXX_LANGUAGE_STANDARD = "gnu++20";
				CLANG_ENABLE_MODULES = YES;
				CLANG_ENABLE_OBJC_ARC = YES;
				CLANG_ENABLE_OBJC_WEAK = YES;
				CLANG_WARN_BLOCK_CAPTURE_AUTORELEASING = YES;
				CLANG_WARN_BOOL_CONVERSION = YES;
				CLANG_WARN_COMMA = YES;
				CLANG_WARN_CONSTANT_CONVERSION = YES;
				CLANG_WARN_DEPRECATED_OBJC_IMPLEMENTATIONS = YES;
				CLANG_WARN_DIRECT_OBJC_ISA_USAGE = YES_ERROR;
				CLANG_WARN_DOCUMENTATION_COMMENTS = YES;
				CLANG_WARN_EMPTY_BODY = YES;
				CLANG_WARN_ENUM_CONVERSION = YES;
				CLANG_WARN_INFINITE_RECURSION = YES;
				CLANG_WARN_INT_CONVERSION = YES;
				CLANG_WARN_NON_LITERAL_NULL_CONVERSION = YES;
				CLANG_WARN_OBJC_IMPLICIT_RETAIN_SELF = YES;
				CLANG_WARN_OBJC_LITERAL_CONVERSION = YES;
				CLANG_WARN_OBJC_ROOT_CLASS = YES_ERROR;
				CLANG_WARN_QUOTED_INCLUDE_IN_FRAMEWORK_HEADER = YES;
				CLANG_WARN_RANGE_LOOP_ANALYSIS = YES;
				CLANG_WARN_STRICT_PROTOTYPES = YES;
				CLANG_WARN_SUSPICIOUS_MOVE = YES;
				CLANG_WARN_UNGUARDED_AVAILABILITY = YES_AGGRESSIVE;
				CLANG_WARN_UNREACHABLE_CODE = YES;
				CLANG_WARN__DUPLICATE_METHOD_MATCH = YES;
				COPY_PHASE_STRIP = NO;
				DEBUG_INFORMATION_FORMAT = "dwarf-with-dsym";
				ENABLE_NS_ASSERTIONS = NO;
				ENABLE_STRICT_OBJC_MSGSEND = YES;
				GCC_C_LANGUAGE_STANDARD = gnu11;
				GCC_NO_COMMON_BLOCKS = YES;
				GCC_WARN_64_TO_32_BIT_CONVERSION = YES;
				GCC_WARN_ABOUT_RETURN_TYPE = YES_ERROR;
				GCC_WARN_UNDECLARED_SELECTOR = YES;
				GCC_WARN_UNINITIALIZED_AUTOS = YES_AGGRESSIVE;
				GCC_WARN_UNUSED_FUNCTION = YES;
				GCC_WARN_UNUSED_VARIABLE = YES;
				IPHONEOS_DEPLOYMENT_TARGET = 15.0;
				MTL_ENABLE_DEBUG_INFO = NO;
				MTL_FAST_MATH = YES;
				SDKROOT = iphoneos;
				SWIFT_COMPILATION_MODE = wholemodule;
				SWIFT_OPTIMIZATION_LEVEL = "-O";
				SWIFT_STRICT_CONCURRENCY = complete;
				VALIDATE_PRODUCT = YES;
			};
			name = Release;
		};
		72A9761F2ABB2A910021291C /* Debug */ = {
			isa = XCBuildConfiguration;
			buildSettings = {
				ASSETCATALOG_COMPILER_APPICON_NAME = AppIcon;
				ASSETCATALOG_COMPILER_GLOBAL_ACCENT_COLOR_NAME = AccentColor;
				CODE_SIGN_STYLE = Automatic;
				CURRENT_PROJECT_VERSION = 1;
				DEVELOPMENT_TEAM = G8228CR939;
				GENERATE_INFOPLIST_FILE = YES;
				INFOPLIST_FILE = StickToIt/Info.plist;
				INFOPLIST_KEY_CFBundleDisplayName = "작심삼일";
				INFOPLIST_KEY_LSApplicationCategoryType = "public.app-category.productivity";
				INFOPLIST_KEY_NSPhotoLibraryUsageDescription = "이 앱이 사용자의 앨범에 접근하는 것을 허용하시겠습니까?";
				INFOPLIST_KEY_UIApplicationSupportsIndirectInputEvents = YES;
				INFOPLIST_KEY_UILaunchStoryboardName = LaunchScreen;
				INFOPLIST_KEY_UISupportedInterfaceOrientations = UIInterfaceOrientationPortrait;
				INFOPLIST_KEY_UISupportedInterfaceOrientations_iPad = "UIInterfaceOrientationLandscapeLeft UIInterfaceOrientationLandscapeRight UIInterfaceOrientationPortrait UIInterfaceOrientationPortraitUpsideDown";
				IPHONEOS_DEPLOYMENT_TARGET = 15.0;
				LD_RUNPATH_SEARCH_PATHS = (
					"$(inherited)",
					"@executable_path/Frameworks",
				);
				MARKETING_VERSION = 1.0;
				PRODUCT_BUNDLE_IDENTIFIER = com.StickToIt;
				PRODUCT_NAME = "$(TARGET_NAME)";
				SUPPORTED_PLATFORMS = "iphoneos iphonesimulator";
				SUPPORTS_MACCATALYST = NO;
				SUPPORTS_MAC_DESIGNED_FOR_IPHONE_IPAD = NO;
				SWIFT_EMIT_LOC_STRINGS = YES;
				SWIFT_STRICT_CONCURRENCY = complete;
				SWIFT_VERSION = 5.0;
				TARGETED_DEVICE_FAMILY = 1;
			};
			name = Debug;
		};
		72A976202ABB2A910021291C /* Release */ = {
			isa = XCBuildConfiguration;
			buildSettings = {
				ASSETCATALOG_COMPILER_APPICON_NAME = AppIcon;
				ASSETCATALOG_COMPILER_GLOBAL_ACCENT_COLOR_NAME = AccentColor;
				CODE_SIGN_STYLE = Automatic;
				CURRENT_PROJECT_VERSION = 1;
				DEVELOPMENT_TEAM = G8228CR939;
				GENERATE_INFOPLIST_FILE = YES;
				INFOPLIST_FILE = StickToIt/Info.plist;
				INFOPLIST_KEY_CFBundleDisplayName = "작심삼일";
				INFOPLIST_KEY_LSApplicationCategoryType = "public.app-category.productivity";
				INFOPLIST_KEY_NSPhotoLibraryUsageDescription = "이 앱이 사용자의 앨범에 접근하는 것을 허용하시겠습니까?";
				INFOPLIST_KEY_UIApplicationSupportsIndirectInputEvents = YES;
				INFOPLIST_KEY_UILaunchStoryboardName = LaunchScreen;
				INFOPLIST_KEY_UISupportedInterfaceOrientations = UIInterfaceOrientationPortrait;
				INFOPLIST_KEY_UISupportedInterfaceOrientations_iPad = "UIInterfaceOrientationLandscapeLeft UIInterfaceOrientationLandscapeRight UIInterfaceOrientationPortrait UIInterfaceOrientationPortraitUpsideDown";
				IPHONEOS_DEPLOYMENT_TARGET = 15.0;
				LD_RUNPATH_SEARCH_PATHS = (
					"$(inherited)",
					"@executable_path/Frameworks",
				);
				MARKETING_VERSION = 1.0;
				PRODUCT_BUNDLE_IDENTIFIER = com.StickToIt;
				PRODUCT_NAME = "$(TARGET_NAME)";
				SUPPORTED_PLATFORMS = "iphoneos iphonesimulator";
				SUPPORTS_MACCATALYST = NO;
				SUPPORTS_MAC_DESIGNED_FOR_IPHONE_IPAD = NO;
				SWIFT_EMIT_LOC_STRINGS = YES;
				SWIFT_STRICT_CONCURRENCY = complete;
				SWIFT_VERSION = 5.0;
				TARGETED_DEVICE_FAMILY = 1;
			};
			name = Release;
		};
/* End XCBuildConfiguration section */

/* Begin XCConfigurationList section */
		72A976052ABB2A8E0021291C /* Build configuration list for PBXProject "StickToIt" */ = {
			isa = XCConfigurationList;
			buildConfigurations = (
				72A9761C2ABB2A910021291C /* Debug */,
				72A9761D2ABB2A910021291C /* Release */,
			);
			defaultConfigurationIsVisible = 0;
			defaultConfigurationName = Release;
		};
		72A9761E2ABB2A910021291C /* Build configuration list for PBXNativeTarget "StickToIt" */ = {
			isa = XCConfigurationList;
			buildConfigurations = (
				72A9761F2ABB2A910021291C /* Debug */,
				72A976202ABB2A910021291C /* Release */,
			);
			defaultConfigurationIsVisible = 0;
			defaultConfigurationName = Release;
		};
/* End XCConfigurationList section */

/* Begin XCRemoteSwiftPackageReference section */
		7217B00C2AC2D5F6002C3112 /* XCRemoteSwiftPackageReference "SnapKit" */ = {
			isa = XCRemoteSwiftPackageReference;
			repositoryURL = "https://github.com/SnapKit/SnapKit.git";
			requirement = {
				kind = upToNextMajorVersion;
				minimumVersion = 5.0.0;
			};
		};
		729AC4572AC4981D00E910D5 /* XCRemoteSwiftPackageReference "RxSwift" */ = {
			isa = XCRemoteSwiftPackageReference;
			repositoryURL = "https://github.com/ReactiveX/RxSwift.git";
			requirement = {
				kind = upToNextMajorVersion;
				minimumVersion = 6.0.0;
			};
		};
		729AC4602AC4983600E910D5 /* XCRemoteSwiftPackageReference "Alamofire" */ = {
			isa = XCRemoteSwiftPackageReference;
			repositoryURL = "https://github.com/Alamofire/Alamofire.git";
			requirement = {
				kind = upToNextMajorVersion;
				minimumVersion = 5.0.0;
			};
		};
		729AC4632AC4989300E910D5 /* XCRemoteSwiftPackageReference "realm-swift" */ = {
			isa = XCRemoteSwiftPackageReference;
			repositoryURL = "https://github.com/realm/realm-swift.git";
			requirement = {
				kind = upToNextMajorVersion;
				minimumVersion = 10.42.4;
			};
		};
		729AC4CE2ACB1DFE00E910D5 /* XCRemoteSwiftPackageReference "MKRingProgressView" */ = {
			isa = XCRemoteSwiftPackageReference;
			repositoryURL = "https://github.com/maxkonovalov/MKRingProgressView.git";
			requirement = {
				kind = upToNextMajorVersion;
				minimumVersion = 2.3.0;
			};
		};
		729AC5092ACD34C900E910D5 /* XCRemoteSwiftPackageReference "FSCalendar" */ = {
			isa = XCRemoteSwiftPackageReference;
			repositoryURL = "https://github.com/WenchaoD/FSCalendar.git";
			requirement = {
				kind = upToNextMajorVersion;
				minimumVersion = 2.8.3;
			};
		};
/* End XCRemoteSwiftPackageReference section */

/* Begin XCSwiftPackageProductDependency section */
		7217B00D2AC2D5F6002C3112 /* SnapKit */ = {
			isa = XCSwiftPackageProductDependency;
			package = 7217B00C2AC2D5F6002C3112 /* XCRemoteSwiftPackageReference "SnapKit" */;
			productName = SnapKit;
		};
		729AC4582AC4981D00E910D5 /* RxBlocking */ = {
			isa = XCSwiftPackageProductDependency;
			package = 729AC4572AC4981D00E910D5 /* XCRemoteSwiftPackageReference "RxSwift" */;
			productName = RxBlocking;
		};
		729AC45A2AC4981D00E910D5 /* RxCocoa */ = {
			isa = XCSwiftPackageProductDependency;
			package = 729AC4572AC4981D00E910D5 /* XCRemoteSwiftPackageReference "RxSwift" */;
			productName = RxCocoa;
		};
		729AC45C2AC4981D00E910D5 /* RxRelay */ = {
			isa = XCSwiftPackageProductDependency;
			package = 729AC4572AC4981D00E910D5 /* XCRemoteSwiftPackageReference "RxSwift" */;
			productName = RxRelay;
		};
		729AC45E2AC4981D00E910D5 /* RxSwift */ = {
			isa = XCSwiftPackageProductDependency;
			package = 729AC4572AC4981D00E910D5 /* XCRemoteSwiftPackageReference "RxSwift" */;
			productName = RxSwift;
		};
		729AC4612AC4983600E910D5 /* Alamofire */ = {
			isa = XCSwiftPackageProductDependency;
			package = 729AC4602AC4983600E910D5 /* XCRemoteSwiftPackageReference "Alamofire" */;
			productName = Alamofire;
		};
		729AC4642AC4989300E910D5 /* Realm */ = {
			isa = XCSwiftPackageProductDependency;
			package = 729AC4632AC4989300E910D5 /* XCRemoteSwiftPackageReference "realm-swift" */;
			productName = Realm;
		};
		729AC4662AC4989300E910D5 /* RealmSwift */ = {
			isa = XCSwiftPackageProductDependency;
			package = 729AC4632AC4989300E910D5 /* XCRemoteSwiftPackageReference "realm-swift" */;
			productName = RealmSwift;
		};
		729AC4CF2ACB1DFE00E910D5 /* MKRingProgressView */ = {
			isa = XCSwiftPackageProductDependency;
			package = 729AC4CE2ACB1DFE00E910D5 /* XCRemoteSwiftPackageReference "MKRingProgressView" */;
			productName = MKRingProgressView;
		};
		729AC50A2ACD34C900E910D5 /* FSCalendar */ = {
			isa = XCSwiftPackageProductDependency;
			package = 729AC5092ACD34C900E910D5 /* XCRemoteSwiftPackageReference "FSCalendar" */;
			productName = FSCalendar;
		};
/* End XCSwiftPackageProductDependency section */
	};
	rootObject = 72A976022ABB2A8E0021291C /* Project object */;
}
